// !$*UTF8*$!
{
	archiveVersion = 1;
	classes = {
	};
	objectVersion = 48;
	objects = {

/* Begin PBXBuildFile section */
		1505482F20599A9300B25A6A /* AppDelegate.swift in Sources */ = {isa = PBXBuildFile; fileRef = 1505482E20599A9300B25A6A /* AppDelegate.swift */; };
		1505483620599A9300B25A6A /* Assets.xcassets in Resources */ = {isa = PBXBuildFile; fileRef = 1505483520599A9300B25A6A /* Assets.xcassets */; };
		1505483920599A9300B25A6A /* LaunchScreen.storyboard in Resources */ = {isa = PBXBuildFile; fileRef = 1505483720599A9300B25A6A /* LaunchScreen.storyboard */; };
		1505484420599A9300B25A6A /* JigsawSwapTests.swift in Sources */ = {isa = PBXBuildFile; fileRef = 1505484320599A9300B25A6A /* JigsawSwapTests.swift */; };
		1505484F20599A9300B25A6A /* JigsawSwapUITests.swift in Sources */ = {isa = PBXBuildFile; fileRef = 1505484E20599A9300B25A6A /* JigsawSwapUITests.swift */; };
		150548602059AE2100B25A6A /* Localized.strings in Resources */ = {isa = PBXBuildFile; fileRef = 1505485E2059AE2100B25A6A /* Localized.strings */; };
		1509099A20A9ABCD003BC7B6 /* LoginViewController.swift in Sources */ = {isa = PBXBuildFile; fileRef = 1509099920A9ABCD003BC7B6 /* LoginViewController.swift */; };
		1549AF522059B937000F657D /* NotoSans-Regular.ttf in Resources */ = {isa = PBXBuildFile; fileRef = 1549AF4D2059B936000F657D /* NotoSans-Regular.ttf */; };
		1549AF532059B937000F657D /* NotoSans-Regular.ttf in Resources */ = {isa = PBXBuildFile; fileRef = 1549AF4D2059B936000F657D /* NotoSans-Regular.ttf */; };
		1549AF542059B937000F657D /* NotoSans-Regular.ttf in Resources */ = {isa = PBXBuildFile; fileRef = 1549AF4D2059B936000F657D /* NotoSans-Regular.ttf */; };
		1549AF552059B937000F657D /* NotoSans-Bold.ttf in Resources */ = {isa = PBXBuildFile; fileRef = 1549AF4E2059B936000F657D /* NotoSans-Bold.ttf */; };
		1549AF562059B937000F657D /* NotoSans-Bold.ttf in Resources */ = {isa = PBXBuildFile; fileRef = 1549AF4E2059B936000F657D /* NotoSans-Bold.ttf */; };
		1549AF572059B937000F657D /* NotoSans-Bold.ttf in Resources */ = {isa = PBXBuildFile; fileRef = 1549AF4E2059B936000F657D /* NotoSans-Bold.ttf */; };
		1549AF582059B937000F657D /* NotoSans-BoldItalic.ttf in Resources */ = {isa = PBXBuildFile; fileRef = 1549AF4F2059B937000F657D /* NotoSans-BoldItalic.ttf */; };
		1549AF592059B937000F657D /* NotoSans-BoldItalic.ttf in Resources */ = {isa = PBXBuildFile; fileRef = 1549AF4F2059B937000F657D /* NotoSans-BoldItalic.ttf */; };
		1549AF5A2059B937000F657D /* NotoSans-BoldItalic.ttf in Resources */ = {isa = PBXBuildFile; fileRef = 1549AF4F2059B937000F657D /* NotoSans-BoldItalic.ttf */; };
		1549AF5B2059B937000F657D /* LICENSE.txt in Resources */ = {isa = PBXBuildFile; fileRef = 1549AF502059B937000F657D /* LICENSE.txt */; };
		1549AF5C2059B937000F657D /* LICENSE.txt in Resources */ = {isa = PBXBuildFile; fileRef = 1549AF502059B937000F657D /* LICENSE.txt */; };
		1549AF5D2059B937000F657D /* LICENSE.txt in Resources */ = {isa = PBXBuildFile; fileRef = 1549AF502059B937000F657D /* LICENSE.txt */; };
		1549AF5E2059B937000F657D /* NotoSans-Italic.ttf in Resources */ = {isa = PBXBuildFile; fileRef = 1549AF512059B937000F657D /* NotoSans-Italic.ttf */; };
		1549AF5F2059B937000F657D /* NotoSans-Italic.ttf in Resources */ = {isa = PBXBuildFile; fileRef = 1549AF512059B937000F657D /* NotoSans-Italic.ttf */; };
		1549AF602059B937000F657D /* NotoSans-Italic.ttf in Resources */ = {isa = PBXBuildFile; fileRef = 1549AF512059B937000F657D /* NotoSans-Italic.ttf */; };
		15725866209EDDB900B18F30 /* LoginView.swift in Sources */ = {isa = PBXBuildFile; fileRef = 15725865209EDDB900B18F30 /* LoginView.swift */; };
		1572586B209EDEBC00B18F30 /* BaseView.swift in Sources */ = {isa = PBXBuildFile; fileRef = 1572586A209EDEBC00B18F30 /* BaseView.swift */; };
		1572586D209EDED100B18F30 /* BaseViewController.swift in Sources */ = {isa = PBXBuildFile; fileRef = 1572586C209EDED100B18F30 /* BaseViewController.swift */; };
		1579C9D520A20C5B0069204C /* ValidationTextField.swift in Sources */ = {isa = PBXBuildFile; fileRef = 1579C9D420A20C5B0069204C /* ValidationTextField.swift */; };
		1579C9DA20A2142C0069204C /* ValidationType.swift in Sources */ = {isa = PBXBuildFile; fileRef = 1579C9D920A2142C0069204C /* ValidationType.swift */; };
		157A9BC120AB012000D3FCA3 /* RegisterView.swift in Sources */ = {isa = PBXBuildFile; fileRef = 157A9BBE20AB012000D3FCA3 /* RegisterView.swift */; };
		157A9BC220AB012000D3FCA3 /* RegisterViewController.swift in Sources */ = {isa = PBXBuildFile; fileRef = 157A9BBF20AB012000D3FCA3 /* RegisterViewController.swift */; };
		158BFB07205AF5250010A259 /* Date+Extensions.swift in Sources */ = {isa = PBXBuildFile; fileRef = 1549AF472059B5B2000F657D /* Date+Extensions.swift */; };
		158BFB08205AF5280010A259 /* UIColor+Extensions.swift in Sources */ = {isa = PBXBuildFile; fileRef = 1549AF482059B5B2000F657D /* UIColor+Extensions.swift */; };
		158BFB09205AF52A0010A259 /* String+Extensions.swift in Sources */ = {isa = PBXBuildFile; fileRef = 1549AF4B2059B5B3000F657D /* String+Extensions.swift */; };
		158BFB0A205AF52D0010A259 /* UIAlert+Extensions.swift in Sources */ = {isa = PBXBuildFile; fileRef = 1549AF492059B5B2000F657D /* UIAlert+Extensions.swift */; };
		158BFB0B205AF52F0010A259 /* UIFont+Extensions.swift in Sources */ = {isa = PBXBuildFile; fileRef = 1549AF4A2059B5B3000F657D /* UIFont+Extensions.swift */; };
		158BFB15205B17400010A259 /* FlowManager.swift in Sources */ = {isa = PBXBuildFile; fileRef = 158BFB14205B17400010A259 /* FlowManager.swift */; };
		158BFB17205B1C020010A259 /* GoogleService-Info.plist in Resources */ = {isa = PBXBuildFile; fileRef = 158BFB16205B1C010010A259 /* GoogleService-Info.plist */; };
		555E7B2AAC31B1866C5939A7 /* Pods_JigsawSwap.framework in Frameworks */ = {isa = PBXBuildFile; fileRef = B529D695EDDF7C85A047D6BD /* Pods_JigsawSwap.framework */; };
/* End PBXBuildFile section */

/* Begin PBXContainerItemProxy section */
		1505484020599A9300B25A6A /* PBXContainerItemProxy */ = {
			isa = PBXContainerItemProxy;
			containerPortal = 1505482320599A9300B25A6A /* Project object */;
			proxyType = 1;
			remoteGlobalIDString = 1505482A20599A9300B25A6A;
			remoteInfo = JigsawSwap;
		};
		1505484B20599A9300B25A6A /* PBXContainerItemProxy */ = {
			isa = PBXContainerItemProxy;
			containerPortal = 1505482320599A9300B25A6A /* Project object */;
			proxyType = 1;
			remoteGlobalIDString = 1505482A20599A9300B25A6A;
			remoteInfo = JigsawSwap;
		};
/* End PBXContainerItemProxy section */

/* Begin PBXFileReference section */
		1505482B20599A9300B25A6A /* JigsawSwap.app */ = {isa = PBXFileReference; explicitFileType = wrapper.application; includeInIndex = 0; path = JigsawSwap.app; sourceTree = BUILT_PRODUCTS_DIR; };
		1505482E20599A9300B25A6A /* AppDelegate.swift */ = {isa = PBXFileReference; lastKnownFileType = sourcecode.swift; path = AppDelegate.swift; sourceTree = "<group>"; };
		1505483520599A9300B25A6A /* Assets.xcassets */ = {isa = PBXFileReference; lastKnownFileType = folder.assetcatalog; path = Assets.xcassets; sourceTree = "<group>"; };
		1505483820599A9300B25A6A /* Base */ = {isa = PBXFileReference; lastKnownFileType = file.storyboard; name = Base; path = Base.lproj/LaunchScreen.storyboard; sourceTree = "<group>"; };
		1505483A20599A9300B25A6A /* Info.plist */ = {isa = PBXFileReference; lastKnownFileType = text.plist.xml; path = Info.plist; sourceTree = "<group>"; };
		1505483F20599A9300B25A6A /* JigsawSwapTests.xctest */ = {isa = PBXFileReference; explicitFileType = wrapper.cfbundle; includeInIndex = 0; path = JigsawSwapTests.xctest; sourceTree = BUILT_PRODUCTS_DIR; };
		1505484320599A9300B25A6A /* JigsawSwapTests.swift */ = {isa = PBXFileReference; lastKnownFileType = sourcecode.swift; path = JigsawSwapTests.swift; sourceTree = "<group>"; };
		1505484520599A9300B25A6A /* Info.plist */ = {isa = PBXFileReference; lastKnownFileType = text.plist.xml; path = Info.plist; sourceTree = "<group>"; };
		1505484A20599A9300B25A6A /* JigsawSwapUITests.xctest */ = {isa = PBXFileReference; explicitFileType = wrapper.cfbundle; includeInIndex = 0; path = JigsawSwapUITests.xctest; sourceTree = BUILT_PRODUCTS_DIR; };
		1505484E20599A9300B25A6A /* JigsawSwapUITests.swift */ = {isa = PBXFileReference; lastKnownFileType = sourcecode.swift; path = JigsawSwapUITests.swift; sourceTree = "<group>"; };
		1505485020599A9300B25A6A /* Info.plist */ = {isa = PBXFileReference; lastKnownFileType = text.plist.xml; path = Info.plist; sourceTree = "<group>"; };
		1505485F2059AE2100B25A6A /* Base */ = {isa = PBXFileReference; lastKnownFileType = text.plist.strings; name = Base; path = JigsawSwap/Base.lproj/Localized.strings; sourceTree = "<group>"; };
		150548612059AE3600B25A6A /* pl */ = {isa = PBXFileReference; lastKnownFileType = text.plist.strings; name = pl; path = JigsawSwap/pl.lproj/Localized.strings; sourceTree = "<group>"; };
		1509099920A9ABCD003BC7B6 /* LoginViewController.swift */ = {isa = PBXFileReference; fileEncoding = 4; lastKnownFileType = sourcecode.swift; path = LoginViewController.swift; sourceTree = "<group>"; };
		1549AF472059B5B2000F657D /* Date+Extensions.swift */ = {isa = PBXFileReference; lastKnownFileType = sourcecode.swift; path = "Date+Extensions.swift"; sourceTree = "<group>"; };
		1549AF482059B5B2000F657D /* UIColor+Extensions.swift */ = {isa = PBXFileReference; lastKnownFileType = sourcecode.swift; path = "UIColor+Extensions.swift"; sourceTree = "<group>"; };
		1549AF492059B5B2000F657D /* UIAlert+Extensions.swift */ = {isa = PBXFileReference; lastKnownFileType = sourcecode.swift; path = "UIAlert+Extensions.swift"; sourceTree = "<group>"; };
		1549AF4A2059B5B3000F657D /* UIFont+Extensions.swift */ = {isa = PBXFileReference; lastKnownFileType = sourcecode.swift; path = "UIFont+Extensions.swift"; sourceTree = "<group>"; };
		1549AF4B2059B5B3000F657D /* String+Extensions.swift */ = {isa = PBXFileReference; lastKnownFileType = sourcecode.swift; path = "String+Extensions.swift"; sourceTree = "<group>"; };
		1549AF4D2059B936000F657D /* NotoSans-Regular.ttf */ = {isa = PBXFileReference; lastKnownFileType = file; path = "NotoSans-Regular.ttf"; sourceTree = "<group>"; };
		1549AF4E2059B936000F657D /* NotoSans-Bold.ttf */ = {isa = PBXFileReference; lastKnownFileType = file; path = "NotoSans-Bold.ttf"; sourceTree = "<group>"; };
		1549AF4F2059B937000F657D /* NotoSans-BoldItalic.ttf */ = {isa = PBXFileReference; lastKnownFileType = file; path = "NotoSans-BoldItalic.ttf"; sourceTree = "<group>"; };
		1549AF502059B937000F657D /* LICENSE.txt */ = {isa = PBXFileReference; fileEncoding = 4; lastKnownFileType = text; path = LICENSE.txt; sourceTree = "<group>"; };
		1549AF512059B937000F657D /* NotoSans-Italic.ttf */ = {isa = PBXFileReference; lastKnownFileType = file; path = "NotoSans-Italic.ttf"; sourceTree = "<group>"; };
		15725865209EDDB900B18F30 /* LoginView.swift */ = {isa = PBXFileReference; fileEncoding = 4; lastKnownFileType = sourcecode.swift; path = LoginView.swift; sourceTree = "<group>"; };
		1572586A209EDEBC00B18F30 /* BaseView.swift */ = {isa = PBXFileReference; fileEncoding = 4; lastKnownFileType = sourcecode.swift; path = BaseView.swift; sourceTree = "<group>"; };
		1572586C209EDED100B18F30 /* BaseViewController.swift */ = {isa = PBXFileReference; fileEncoding = 4; lastKnownFileType = sourcecode.swift; path = BaseViewController.swift; sourceTree = "<group>"; };
		1579C9D420A20C5B0069204C /* ValidationTextField.swift */ = {isa = PBXFileReference; lastKnownFileType = sourcecode.swift; path = ValidationTextField.swift; sourceTree = "<group>"; };
		1579C9D920A2142C0069204C /* ValidationType.swift */ = {isa = PBXFileReference; fileEncoding = 4; lastKnownFileType = sourcecode.swift; path = ValidationType.swift; sourceTree = "<group>"; };
		157A9BBE20AB012000D3FCA3 /* RegisterView.swift */ = {isa = PBXFileReference; fileEncoding = 4; lastKnownFileType = sourcecode.swift; path = RegisterView.swift; sourceTree = "<group>"; };
		157A9BBF20AB012000D3FCA3 /* RegisterViewController.swift */ = {isa = PBXFileReference; fileEncoding = 4; lastKnownFileType = sourcecode.swift; path = RegisterViewController.swift; sourceTree = "<group>"; };
		158BFB14205B17400010A259 /* FlowManager.swift */ = {isa = PBXFileReference; lastKnownFileType = sourcecode.swift; path = FlowManager.swift; sourceTree = "<group>"; };
		158BFB16205B1C010010A259 /* GoogleService-Info.plist */ = {isa = PBXFileReference; fileEncoding = 4; lastKnownFileType = text.plist.xml; path = "GoogleService-Info.plist"; sourceTree = "<group>"; };
		196CB5CE34927FF1539B0D63 /* Pods-JigsawSwap.debug.xcconfig */ = {isa = PBXFileReference; includeInIndex = 1; lastKnownFileType = text.xcconfig; name = "Pods-JigsawSwap.debug.xcconfig"; path = "Pods/Target Support Files/Pods-JigsawSwap/Pods-JigsawSwap.debug.xcconfig"; sourceTree = "<group>"; };
		8726F77D8D2482F78D475447 /* Pods-JigsawSwap.release.xcconfig */ = {isa = PBXFileReference; includeInIndex = 1; lastKnownFileType = text.xcconfig; name = "Pods-JigsawSwap.release.xcconfig"; path = "Pods/Target Support Files/Pods-JigsawSwap/Pods-JigsawSwap.release.xcconfig"; sourceTree = "<group>"; };
		B529D695EDDF7C85A047D6BD /* Pods_JigsawSwap.framework */ = {isa = PBXFileReference; explicitFileType = wrapper.framework; includeInIndex = 0; path = Pods_JigsawSwap.framework; sourceTree = BUILT_PRODUCTS_DIR; };
/* End PBXFileReference section */

/* Begin PBXFrameworksBuildPhase section */
		1505482820599A9300B25A6A /* Frameworks */ = {
			isa = PBXFrameworksBuildPhase;
			buildActionMask = 2147483647;
			files = (
				555E7B2AAC31B1866C5939A7 /* Pods_JigsawSwap.framework in Frameworks */,
			);
			runOnlyForDeploymentPostprocessing = 0;
		};
		1505483C20599A9300B25A6A /* Frameworks */ = {
			isa = PBXFrameworksBuildPhase;
			buildActionMask = 2147483647;
			files = (
			);
			runOnlyForDeploymentPostprocessing = 0;
		};
		1505484720599A9300B25A6A /* Frameworks */ = {
			isa = PBXFrameworksBuildPhase;
			buildActionMask = 2147483647;
			files = (
			);
			runOnlyForDeploymentPostprocessing = 0;
		};
/* End PBXFrameworksBuildPhase section */

/* Begin PBXGroup section */
		1505482220599A9300B25A6A = {
			isa = PBXGroup;
			children = (
				1505482D20599A9300B25A6A /* JigsawSwap */,
				1505484220599A9300B25A6A /* JigsawSwapTests */,
				1505484D20599A9300B25A6A /* JigsawSwapUITests */,
				1505482C20599A9300B25A6A /* Products */,
				52301DF9AC80FC24FEF33457 /* Pods */,
				E60DA5FDB5D097E52A86E3F6 /* Frameworks */,
			);
			sourceTree = "<group>";
		};
		1505482C20599A9300B25A6A /* Products */ = {
			isa = PBXGroup;
			children = (
				1505482B20599A9300B25A6A /* JigsawSwap.app */,
				1505483F20599A9300B25A6A /* JigsawSwapTests.xctest */,
				1505484A20599A9300B25A6A /* JigsawSwapUITests.xctest */,
			);
			name = Products;
			sourceTree = "<group>";
		};
		1505482D20599A9300B25A6A /* JigsawSwap */ = {
			isa = PBXGroup;
			children = (
				158BFB16205B1C010010A259 /* GoogleService-Info.plist */,
				1579C9D620A20F050069204C /* Enums */,
				158BFB13205B17200010A259 /* Managers */,
				150548622059AE4500B25A6A /* Configuration */,
				150548642059AF0E00B25A6A /* Extensions */,
				1579C9D320A20C2B0069204C /* Subviews */,
				15725863209EDD7300B18F30 /* Screens */,
			);
			path = JigsawSwap;
			sourceTree = "<group>";
		};
		1505484220599A9300B25A6A /* JigsawSwapTests */ = {
			isa = PBXGroup;
			children = (
				1505484320599A9300B25A6A /* JigsawSwapTests.swift */,
				1505484520599A9300B25A6A /* Info.plist */,
			);
			path = JigsawSwapTests;
			sourceTree = "<group>";
		};
		1505484D20599A9300B25A6A /* JigsawSwapUITests */ = {
			isa = PBXGroup;
			children = (
				1505484E20599A9300B25A6A /* JigsawSwapUITests.swift */,
				1505485020599A9300B25A6A /* Info.plist */,
			);
			path = JigsawSwapUITests;
			sourceTree = "<group>";
		};
		150548622059AE4500B25A6A /* Configuration */ = {
			isa = PBXGroup;
			children = (
				1549AF4C2059B91F000F657D /* Fonts */,
				1505483A20599A9300B25A6A /* Info.plist */,
				1505483720599A9300B25A6A /* LaunchScreen.storyboard */,
				1505482E20599A9300B25A6A /* AppDelegate.swift */,
				1505483520599A9300B25A6A /* Assets.xcassets */,
				1505485E2059AE2100B25A6A /* Localized.strings */,
			);
			path = Configuration;
			sourceTree = "<group>";
		};
		150548642059AF0E00B25A6A /* Extensions */ = {
			isa = PBXGroup;
			children = (
				1549AF482059B5B2000F657D /* UIColor+Extensions.swift */,
				1549AF472059B5B2000F657D /* Date+Extensions.swift */,
				1549AF4B2059B5B3000F657D /* String+Extensions.swift */,
				1549AF492059B5B2000F657D /* UIAlert+Extensions.swift */,
				1549AF4A2059B5B3000F657D /* UIFont+Extensions.swift */,
			);
			path = Extensions;
			sourceTree = "<group>";
		};
		1549AF4C2059B91F000F657D /* Fonts */ = {
			isa = PBXGroup;
			children = (
				1549AF502059B937000F657D /* LICENSE.txt */,
				1549AF4E2059B936000F657D /* NotoSans-Bold.ttf */,
				1549AF4F2059B937000F657D /* NotoSans-BoldItalic.ttf */,
				1549AF512059B937000F657D /* NotoSans-Italic.ttf */,
				1549AF4D2059B936000F657D /* NotoSans-Regular.ttf */,
			);
			path = Fonts;
			sourceTree = "<group>";
		};
		15725863209EDD7300B18F30 /* Screens */ = {
			isa = PBXGroup;
			children = (
				157A9BBD20AB009000D3FCA3 /* Register */,
				15725867209EDE4B00B18F30 /* Base */,
				15725864209EDDA600B18F30 /* Login */,
			);
			path = Screens;
			sourceTree = "<group>";
		};
		15725864209EDDA600B18F30 /* Login */ = {
			isa = PBXGroup;
			children = (
				1509099920A9ABCD003BC7B6 /* LoginViewController.swift */,
				15725865209EDDB900B18F30 /* LoginView.swift */,
			);
			path = Login;
			sourceTree = "<group>";
		};
		15725867209EDE4B00B18F30 /* Base */ = {
			isa = PBXGroup;
			children = (
				1572586C209EDED100B18F30 /* BaseViewController.swift */,
				1572586A209EDEBC00B18F30 /* BaseView.swift */,
			);
			path = Base;
			sourceTree = "<group>";
		};
		1579C9D320A20C2B0069204C /* Subviews */ = {
			isa = PBXGroup;
			children = (
				1579C9D420A20C5B0069204C /* ValidationTextField.swift */,
			);
			path = Subviews;
			sourceTree = "<group>";
		};
		1579C9D620A20F050069204C /* Enums */ = {
			isa = PBXGroup;
			children = (
				1579C9D920A2142C0069204C /* ValidationType.swift */,
			);
			path = Enums;
			sourceTree = "<group>";
		};
		157A9BBD20AB009000D3FCA3 /* Register */ = {
			isa = PBXGroup;
			children = (
				157A9BBF20AB012000D3FCA3 /* RegisterViewController.swift */,
				157A9BBE20AB012000D3FCA3 /* RegisterView.swift */,
			);
			path = Register;
			sourceTree = "<group>";
		};
		158BFB13205B17200010A259 /* Managers */ = {
			isa = PBXGroup;
			children = (
				158BFB14205B17400010A259 /* FlowManager.swift */,
			);
			name = Managers;
			path = "New Group";
			sourceTree = "<group>";
		};
		52301DF9AC80FC24FEF33457 /* Pods */ = {
			isa = PBXGroup;
			children = (
				196CB5CE34927FF1539B0D63 /* Pods-JigsawSwap.debug.xcconfig */,
				8726F77D8D2482F78D475447 /* Pods-JigsawSwap.release.xcconfig */,
			);
			name = Pods;
			sourceTree = "<group>";
		};
		E60DA5FDB5D097E52A86E3F6 /* Frameworks */ = {
			isa = PBXGroup;
			children = (
				B529D695EDDF7C85A047D6BD /* Pods_JigsawSwap.framework */,
			);
			name = Frameworks;
			sourceTree = "<group>";
		};
/* End PBXGroup section */

/* Begin PBXNativeTarget section */
		1505482A20599A9300B25A6A /* JigsawSwap */ = {
			isa = PBXNativeTarget;
			buildConfigurationList = 1505485320599A9300B25A6A /* Build configuration list for PBXNativeTarget "JigsawSwap" */;
			buildPhases = (
				835EF673D310C6E8D3BBFC93 /* [CP] Check Pods Manifest.lock */,
				1505482720599A9300B25A6A /* Sources */,
				1505482820599A9300B25A6A /* Frameworks */,
				1505482920599A9300B25A6A /* Resources */,
				1505485C20599ACB00B25A6A /* TODO as warning */,
				EC59056A2FF892999D0A10D6 /* [CP] Embed Pods Frameworks */,
				32F76FB95AF2C047B0A3DF0A /* [CP] Copy Pods Resources */,
			);
			buildRules = (
			);
			dependencies = (
			);
			name = JigsawSwap;
			productName = JigsawSwap;
			productReference = 1505482B20599A9300B25A6A /* JigsawSwap.app */;
			productType = "com.apple.product-type.application";
		};
		1505483E20599A9300B25A6A /* JigsawSwapTests */ = {
			isa = PBXNativeTarget;
			buildConfigurationList = 1505485620599A9300B25A6A /* Build configuration list for PBXNativeTarget "JigsawSwapTests" */;
			buildPhases = (
				1505483B20599A9300B25A6A /* Sources */,
				1505483C20599A9300B25A6A /* Frameworks */,
				1505483D20599A9300B25A6A /* Resources */,
			);
			buildRules = (
			);
			dependencies = (
				1505484120599A9300B25A6A /* PBXTargetDependency */,
			);
			name = JigsawSwapTests;
			productName = JigsawSwapTests;
			productReference = 1505483F20599A9300B25A6A /* JigsawSwapTests.xctest */;
			productType = "com.apple.product-type.bundle.unit-test";
		};
		1505484920599A9300B25A6A /* JigsawSwapUITests */ = {
			isa = PBXNativeTarget;
			buildConfigurationList = 1505485920599A9300B25A6A /* Build configuration list for PBXNativeTarget "JigsawSwapUITests" */;
			buildPhases = (
				1505484620599A9300B25A6A /* Sources */,
				1505484720599A9300B25A6A /* Frameworks */,
				1505484820599A9300B25A6A /* Resources */,
			);
			buildRules = (
			);
			dependencies = (
				1505484C20599A9300B25A6A /* PBXTargetDependency */,
			);
			name = JigsawSwapUITests;
			productName = JigsawSwapUITests;
			productReference = 1505484A20599A9300B25A6A /* JigsawSwapUITests.xctest */;
			productType = "com.apple.product-type.bundle.ui-testing";
		};
/* End PBXNativeTarget section */

/* Begin PBXProject section */
		1505482320599A9300B25A6A /* Project object */ = {
			isa = PBXProject;
			attributes = {
				LastSwiftUpdateCheck = 0920;
				LastUpgradeCheck = 0920;
				ORGANIZATIONNAME = "Dominika Czarnecka";
				TargetAttributes = {
					1505482A20599A9300B25A6A = {
						CreatedOnToolsVersion = 9.2;
						ProvisioningStyle = Automatic;
					};
					1505483E20599A9300B25A6A = {
						CreatedOnToolsVersion = 9.2;
						ProvisioningStyle = Automatic;
						TestTargetID = 1505482A20599A9300B25A6A;
					};
					1505484920599A9300B25A6A = {
						CreatedOnToolsVersion = 9.2;
						ProvisioningStyle = Automatic;
						TestTargetID = 1505482A20599A9300B25A6A;
					};
				};
			};
			buildConfigurationList = 1505482620599A9300B25A6A /* Build configuration list for PBXProject "JigsawSwap" */;
			compatibilityVersion = "Xcode 8.0";
			developmentRegion = en;
			hasScannedForEncodings = 0;
			knownRegions = (
				en,
				Base,
				pl,
			);
			mainGroup = 1505482220599A9300B25A6A;
			productRefGroup = 1505482C20599A9300B25A6A /* Products */;
			projectDirPath = "";
			projectRoot = "";
			targets = (
				1505482A20599A9300B25A6A /* JigsawSwap */,
				1505483E20599A9300B25A6A /* JigsawSwapTests */,
				1505484920599A9300B25A6A /* JigsawSwapUITests */,
			);
		};
/* End PBXProject section */

/* Begin PBXResourcesBuildPhase section */
		1505482920599A9300B25A6A /* Resources */ = {
			isa = PBXResourcesBuildPhase;
			buildActionMask = 2147483647;
			files = (
				1549AF582059B937000F657D /* NotoSans-BoldItalic.ttf in Resources */,
				1549AF522059B937000F657D /* NotoSans-Regular.ttf in Resources */,
				158BFB17205B1C020010A259 /* GoogleService-Info.plist in Resources */,
				150548602059AE2100B25A6A /* Localized.strings in Resources */,
				1505483920599A9300B25A6A /* LaunchScreen.storyboard in Resources */,
				1549AF552059B937000F657D /* NotoSans-Bold.ttf in Resources */,
				1505483620599A9300B25A6A /* Assets.xcassets in Resources */,
				1549AF5B2059B937000F657D /* LICENSE.txt in Resources */,
				1549AF5E2059B937000F657D /* NotoSans-Italic.ttf in Resources */,
			);
			runOnlyForDeploymentPostprocessing = 0;
		};
		1505483D20599A9300B25A6A /* Resources */ = {
			isa = PBXResourcesBuildPhase;
			buildActionMask = 2147483647;
			files = (
				1549AF5F2059B937000F657D /* NotoSans-Italic.ttf in Resources */,
				1549AF5C2059B937000F657D /* LICENSE.txt in Resources */,
				1549AF592059B937000F657D /* NotoSans-BoldItalic.ttf in Resources */,
				1549AF562059B937000F657D /* NotoSans-Bold.ttf in Resources */,
				1549AF532059B937000F657D /* NotoSans-Regular.ttf in Resources */,
			);
			runOnlyForDeploymentPostprocessing = 0;
		};
		1505484820599A9300B25A6A /* Resources */ = {
			isa = PBXResourcesBuildPhase;
			buildActionMask = 2147483647;
			files = (
				1549AF602059B937000F657D /* NotoSans-Italic.ttf in Resources */,
				1549AF5D2059B937000F657D /* LICENSE.txt in Resources */,
				1549AF5A2059B937000F657D /* NotoSans-BoldItalic.ttf in Resources */,
				1549AF572059B937000F657D /* NotoSans-Bold.ttf in Resources */,
				1549AF542059B937000F657D /* NotoSans-Regular.ttf in Resources */,
			);
			runOnlyForDeploymentPostprocessing = 0;
		};
/* End PBXResourcesBuildPhase section */

/* Begin PBXShellScriptBuildPhase section */
		1505485C20599ACB00B25A6A /* TODO as warning */ = {
			isa = PBXShellScriptBuildPhase;
			buildActionMask = 2147483647;
			files = (
			);
			inputPaths = (
			);
			name = "TODO as warning";
			outputPaths = (
			);
			runOnlyForDeploymentPostprocessing = 0;
			shellPath = /bin/sh;
			shellScript = "#Script to make TODO a Warning\nif [ \"${CONFIGURATION}\" = \"Debug\" ]\nthen\n#TAGS is a keyword to make line as warning\nTAGS=\"TODO:\"\necho \"searching ${SRCROOT} for ${TAGS}\"\nfind \"${SRCROOT}\" \\( -name \"*.swift\" \\) -print0 | xargs -0 egrep --with-filename --line-number --only-matching \"($TAGS).*\\$\" | perl -p -e \"s/($TAGS)/ warning: \\$1/\"\nfi";
		};
		32F76FB95AF2C047B0A3DF0A /* [CP] Copy Pods Resources */ = {
			isa = PBXShellScriptBuildPhase;
			buildActionMask = 2147483647;
			files = (
			);
			inputPaths = (
				"${SRCROOT}/Pods/Target Support Files/Pods-JigsawSwap/Pods-JigsawSwap-resources.sh",
				$PODS_CONFIGURATION_BUILD_DIR/FirebaseUI/FirebaseAuthUI.bundle,
			);
			name = "[CP] Copy Pods Resources";
			outputPaths = (
				"${TARGET_BUILD_DIR}/${UNLOCALIZED_RESOURCES_FOLDER_PATH}",
			);
			runOnlyForDeploymentPostprocessing = 0;
			shellPath = /bin/sh;
			shellScript = "\"${SRCROOT}/Pods/Target Support Files/Pods-JigsawSwap/Pods-JigsawSwap-resources.sh\"\n";
			showEnvVarsInLog = 0;
		};
		835EF673D310C6E8D3BBFC93 /* [CP] Check Pods Manifest.lock */ = {
			isa = PBXShellScriptBuildPhase;
			buildActionMask = 2147483647;
			files = (
			);
			inputPaths = (
				"${PODS_PODFILE_DIR_PATH}/Podfile.lock",
				"${PODS_ROOT}/Manifest.lock",
			);
			name = "[CP] Check Pods Manifest.lock";
			outputPaths = (
				"$(DERIVED_FILE_DIR)/Pods-JigsawSwap-checkManifestLockResult.txt",
			);
			runOnlyForDeploymentPostprocessing = 0;
			shellPath = /bin/sh;
			shellScript = "diff \"${PODS_PODFILE_DIR_PATH}/Podfile.lock\" \"${PODS_ROOT}/Manifest.lock\" > /dev/null\nif [ $? != 0 ] ; then\n    # print error to STDERR\n    echo \"error: The sandbox is not in sync with the Podfile.lock. Run 'pod install' or update your CocoaPods installation.\" >&2\n    exit 1\nfi\n# This output is used by Xcode 'outputs' to avoid re-running this script phase.\necho \"SUCCESS\" > \"${SCRIPT_OUTPUT_FILE_0}\"\n";
			showEnvVarsInLog = 0;
		};
		EC59056A2FF892999D0A10D6 /* [CP] Embed Pods Frameworks */ = {
			isa = PBXShellScriptBuildPhase;
			buildActionMask = 2147483647;
			files = (
			);
			inputPaths = (
				"${SRCROOT}/Pods/Target Support Files/Pods-JigsawSwap/Pods-JigsawSwap-frameworks.sh",
				"${BUILT_PRODUCTS_DIR}/Differentiator/Differentiator.framework",
				"${BUILT_PRODUCTS_DIR}/GTMSessionFetcher/GTMSessionFetcher.framework",
				"${BUILT_PRODUCTS_DIR}/GoogleToolboxForMac/GoogleToolboxForMac.framework",
				"${BUILT_PRODUCTS_DIR}/IQKeyboardManager/IQKeyboardManager.framework",
				"${BUILT_PRODUCTS_DIR}/KVNProgress/KVNProgress.framework",
				"${BUILT_PRODUCTS_DIR}/KeychainAccess/KeychainAccess.framework",
				"${BUILT_PRODUCTS_DIR}/Kingfisher/Kingfisher.framework",
				"${BUILT_PRODUCTS_DIR}/RxCocoa/RxCocoa.framework",
				"${BUILT_PRODUCTS_DIR}/RxDataSources/RxDataSources.framework",
				"${BUILT_PRODUCTS_DIR}/RxSwift/RxSwift.framework",
				"${BUILT_PRODUCTS_DIR}/leveldb-library/leveldb.framework",
				"${BUILT_PRODUCTS_DIR}/nanopb/nanopb.framework",
			);
			name = "[CP] Embed Pods Frameworks";
			outputPaths = (
				"${TARGET_BUILD_DIR}/${FRAMEWORKS_FOLDER_PATH}/Differentiator.framework",
				"${TARGET_BUILD_DIR}/${FRAMEWORKS_FOLDER_PATH}/GTMSessionFetcher.framework",
				"${TARGET_BUILD_DIR}/${FRAMEWORKS_FOLDER_PATH}/GoogleToolboxForMac.framework",
				"${TARGET_BUILD_DIR}/${FRAMEWORKS_FOLDER_PATH}/IQKeyboardManager.framework",
				"${TARGET_BUILD_DIR}/${FRAMEWORKS_FOLDER_PATH}/KVNProgress.framework",
				"${TARGET_BUILD_DIR}/${FRAMEWORKS_FOLDER_PATH}/KeychainAccess.framework",
				"${TARGET_BUILD_DIR}/${FRAMEWORKS_FOLDER_PATH}/Kingfisher.framework",
				"${TARGET_BUILD_DIR}/${FRAMEWORKS_FOLDER_PATH}/RxCocoa.framework",
				"${TARGET_BUILD_DIR}/${FRAMEWORKS_FOLDER_PATH}/RxDataSources.framework",
				"${TARGET_BUILD_DIR}/${FRAMEWORKS_FOLDER_PATH}/RxSwift.framework",
				"${TARGET_BUILD_DIR}/${FRAMEWORKS_FOLDER_PATH}/leveldb.framework",
				"${TARGET_BUILD_DIR}/${FRAMEWORKS_FOLDER_PATH}/nanopb.framework",
			);
			runOnlyForDeploymentPostprocessing = 0;
			shellPath = /bin/sh;
			shellScript = "\"${SRCROOT}/Pods/Target Support Files/Pods-JigsawSwap/Pods-JigsawSwap-frameworks.sh\"\n";
			showEnvVarsInLog = 0;
		};
/* End PBXShellScriptBuildPhase section */

/* Begin PBXSourcesBuildPhase section */
		1505482720599A9300B25A6A /* Sources */ = {
			isa = PBXSourcesBuildPhase;
			buildActionMask = 2147483647;
			files = (
				158BFB09205AF52A0010A259 /* String+Extensions.swift in Sources */,
				1505482F20599A9300B25A6A /* AppDelegate.swift in Sources */,
				158BFB15205B17400010A259 /* FlowManager.swift in Sources */,
				158BFB08205AF5280010A259 /* UIColor+Extensions.swift in Sources */,
				158BFB0A205AF52D0010A259 /* UIAlert+Extensions.swift in Sources */,
				1572586D209EDED100B18F30 /* BaseViewController.swift in Sources */,
				1579C9DA20A2142C0069204C /* ValidationType.swift in Sources */,
				158BFB0B205AF52F0010A259 /* UIFont+Extensions.swift in Sources */,
				1572586B209EDEBC00B18F30 /* BaseView.swift in Sources */,
				157A9BC220AB012000D3FCA3 /* RegisterViewController.swift in Sources */,
				15725866209EDDB900B18F30 /* LoginView.swift in Sources */,
				158BFB07205AF5250010A259 /* Date+Extensions.swift in Sources */,
				157A9BC120AB012000D3FCA3 /* RegisterView.swift in Sources */,
				1509099A20A9ABCD003BC7B6 /* LoginViewController.swift in Sources */,
				1579C9D520A20C5B0069204C /* ValidationTextField.swift in Sources */,
			);
			runOnlyForDeploymentPostprocessing = 0;
		};
		1505483B20599A9300B25A6A /* Sources */ = {
			isa = PBXSourcesBuildPhase;
			buildActionMask = 2147483647;
			files = (
				1505484420599A9300B25A6A /* JigsawSwapTests.swift in Sources */,
			);
			runOnlyForDeploymentPostprocessing = 0;
		};
		1505484620599A9300B25A6A /* Sources */ = {
			isa = PBXSourcesBuildPhase;
			buildActionMask = 2147483647;
			files = (
				1505484F20599A9300B25A6A /* JigsawSwapUITests.swift in Sources */,
			);
			runOnlyForDeploymentPostprocessing = 0;
		};
/* End PBXSourcesBuildPhase section */

/* Begin PBXTargetDependency section */
		1505484120599A9300B25A6A /* PBXTargetDependency */ = {
			isa = PBXTargetDependency;
			target = 1505482A20599A9300B25A6A /* JigsawSwap */;
			targetProxy = 1505484020599A9300B25A6A /* PBXContainerItemProxy */;
		};
		1505484C20599A9300B25A6A /* PBXTargetDependency */ = {
			isa = PBXTargetDependency;
			target = 1505482A20599A9300B25A6A /* JigsawSwap */;
			targetProxy = 1505484B20599A9300B25A6A /* PBXContainerItemProxy */;
		};
/* End PBXTargetDependency section */

/* Begin PBXVariantGroup section */
		1505483720599A9300B25A6A /* LaunchScreen.storyboard */ = {
			isa = PBXVariantGroup;
			children = (
				1505483820599A9300B25A6A /* Base */,
			);
			name = LaunchScreen.storyboard;
			sourceTree = "<group>";
		};
		1505485E2059AE2100B25A6A /* Localized.strings */ = {
			isa = PBXVariantGroup;
			children = (
				1505485F2059AE2100B25A6A /* Base */,
				150548612059AE3600B25A6A /* pl */,
			);
			name = Localized.strings;
			sourceTree = "<group>";
		};
/* End PBXVariantGroup section */

/* Begin XCBuildConfiguration section */
		1505485120599A9300B25A6A /* Debug */ = {
			isa = XCBuildConfiguration;
			buildSettings = {
				ALWAYS_SEARCH_USER_PATHS = NO;
				CLANG_ANALYZER_LOCALIZABILITY_NONLOCALIZED = YES;
				CLANG_ANALYZER_NONNULL = YES;
				CLANG_ANALYZER_NUMBER_OBJECT_CONVERSION = YES_AGGRESSIVE;
				CLANG_CXX_LANGUAGE_STANDARD = "gnu++14";
				CLANG_CXX_LIBRARY = "libc++";
				CLANG_ENABLE_MODULES = YES;
				CLANG_ENABLE_OBJC_ARC = YES;
				CLANG_WARN_BLOCK_CAPTURE_AUTORELEASING = YES;
				CLANG_WARN_BOOL_CONVERSION = YES;
				CLANG_WARN_COMMA = YES;
				CLANG_WARN_CONSTANT_CONVERSION = YES;
				CLANG_WARN_DIRECT_OBJC_ISA_USAGE = YES_ERROR;
				CLANG_WARN_DOCUMENTATION_COMMENTS = YES;
				CLANG_WARN_EMPTY_BODY = YES;
				CLANG_WARN_ENUM_CONVERSION = YES;
				CLANG_WARN_INFINITE_RECURSION = YES;
				CLANG_WARN_INT_CONVERSION = YES;
				CLANG_WARN_NON_LITERAL_NULL_CONVERSION = YES;
				CLANG_WARN_OBJC_LITERAL_CONVERSION = YES;
				CLANG_WARN_OBJC_ROOT_CLASS = YES_ERROR;
				CLANG_WARN_RANGE_LOOP_ANALYSIS = YES;
				CLANG_WARN_STRICT_PROTOTYPES = YES;
				CLANG_WARN_SUSPICIOUS_MOVE = YES;
				CLANG_WARN_UNGUARDED_AVAILABILITY = YES_AGGRESSIVE;
				CLANG_WARN_UNREACHABLE_CODE = YES;
				CLANG_WARN__DUPLICATE_METHOD_MATCH = YES;
				CODE_SIGN_IDENTITY = "iPhone Developer";
				COPY_PHASE_STRIP = NO;
				DEBUG_INFORMATION_FORMAT = dwarf;
				ENABLE_STRICT_OBJC_MSGSEND = YES;
				ENABLE_TESTABILITY = YES;
				GCC_C_LANGUAGE_STANDARD = gnu11;
				GCC_DYNAMIC_NO_PIC = NO;
				GCC_NO_COMMON_BLOCKS = YES;
				GCC_OPTIMIZATION_LEVEL = 0;
				GCC_PREPROCESSOR_DEFINITIONS = (
					"DEBUG=1",
					"$(inherited)",
				);
				GCC_WARN_64_TO_32_BIT_CONVERSION = YES;
				GCC_WARN_ABOUT_RETURN_TYPE = YES_ERROR;
				GCC_WARN_UNDECLARED_SELECTOR = YES;
				GCC_WARN_UNINITIALIZED_AUTOS = YES_AGGRESSIVE;
				GCC_WARN_UNUSED_FUNCTION = YES;
				GCC_WARN_UNUSED_VARIABLE = YES;
				IPHONEOS_DEPLOYMENT_TARGET = 11.2;
				MTL_ENABLE_DEBUG_INFO = YES;
				ONLY_ACTIVE_ARCH = YES;
				SDKROOT = iphoneos;
				SWIFT_ACTIVE_COMPILATION_CONDITIONS = DEBUG;
				SWIFT_OPTIMIZATION_LEVEL = "-Onone";
			};
			name = Debug;
		};
		1505485220599A9300B25A6A /* Release */ = {
			isa = XCBuildConfiguration;
			buildSettings = {
				ALWAYS_SEARCH_USER_PATHS = NO;
				CLANG_ANALYZER_LOCALIZABILITY_NONLOCALIZED = YES;
				CLANG_ANALYZER_NONNULL = YES;
				CLANG_ANALYZER_NUMBER_OBJECT_CONVERSION = YES_AGGRESSIVE;
				CLANG_CXX_LANGUAGE_STANDARD = "gnu++14";
				CLANG_CXX_LIBRARY = "libc++";
				CLANG_ENABLE_MODULES = YES;
				CLANG_ENABLE_OBJC_ARC = YES;
				CLANG_WARN_BLOCK_CAPTURE_AUTORELEASING = YES;
				CLANG_WARN_BOOL_CONVERSION = YES;
				CLANG_WARN_COMMA = YES;
				CLANG_WARN_CONSTANT_CONVERSION = YES;
				CLANG_WARN_DIRECT_OBJC_ISA_USAGE = YES_ERROR;
				CLANG_WARN_DOCUMENTATION_COMMENTS = YES;
				CLANG_WARN_EMPTY_BODY = YES;
				CLANG_WARN_ENUM_CONVERSION = YES;
				CLANG_WARN_INFINITE_RECURSION = YES;
				CLANG_WARN_INT_CONVERSION = YES;
				CLANG_WARN_NON_LITERAL_NULL_CONVERSION = YES;
				CLANG_WARN_OBJC_LITERAL_CONVERSION = YES;
				CLANG_WARN_OBJC_ROOT_CLASS = YES_ERROR;
				CLANG_WARN_RANGE_LOOP_ANALYSIS = YES;
				CLANG_WARN_STRICT_PROTOTYPES = YES;
				CLANG_WARN_SUSPICIOUS_MOVE = YES;
				CLANG_WARN_UNGUARDED_AVAILABILITY = YES_AGGRESSIVE;
				CLANG_WARN_UNREACHABLE_CODE = YES;
				CLANG_WARN__DUPLICATE_METHOD_MATCH = YES;
				CODE_SIGN_IDENTITY = "iPhone Developer";
				COPY_PHASE_STRIP = NO;
				DEBUG_INFORMATION_FORMAT = "dwarf-with-dsym";
				ENABLE_NS_ASSERTIONS = NO;
				ENABLE_STRICT_OBJC_MSGSEND = YES;
				GCC_C_LANGUAGE_STANDARD = gnu11;
				GCC_NO_COMMON_BLOCKS = YES;
				GCC_WARN_64_TO_32_BIT_CONVERSION = YES;
				GCC_WARN_ABOUT_RETURN_TYPE = YES_ERROR;
				GCC_WARN_UNDECLARED_SELECTOR = YES;
				GCC_WARN_UNINITIALIZED_AUTOS = YES_AGGRESSIVE;
				GCC_WARN_UNUSED_FUNCTION = YES;
				GCC_WARN_UNUSED_VARIABLE = YES;
				IPHONEOS_DEPLOYMENT_TARGET = 11.2;
				MTL_ENABLE_DEBUG_INFO = NO;
				SDKROOT = iphoneos;
				SWIFT_OPTIMIZATION_LEVEL = "-Owholemodule";
				VALIDATE_PRODUCT = YES;
			};
			name = Release;
		};
		1505485420599A9300B25A6A /* Debug */ = {
			isa = XCBuildConfiguration;
			baseConfigurationReference = 196CB5CE34927FF1539B0D63 /* Pods-JigsawSwap.debug.xcconfig */;
			buildSettings = {
				ASSETCATALOG_COMPILER_APPICON_NAME = AppIcon;
				CODE_SIGN_STYLE = Automatic;
				DEVELOPMENT_TEAM = 2FP33MYDL3;
				INFOPLIST_FILE = "$(SRCROOT)/JigsawSwap/Configuration/Info.plist";
				IPHONEOS_DEPLOYMENT_TARGET = 11.0;
				LD_RUNPATH_SEARCH_PATHS = "$(inherited) @executable_path/Frameworks";
				PRODUCT_BUNDLE_IDENTIFIER = dominika.czarnecka.com.JigsawSwap;
				PRODUCT_NAME = "$(TARGET_NAME)";
				SWIFT_VERSION = 4.0;
				TARGETED_DEVICE_FAMILY = "1,2";
			};
			name = Debug;
		};
		1505485520599A9300B25A6A /* Release */ = {
			isa = XCBuildConfiguration;
			baseConfigurationReference = 8726F77D8D2482F78D475447 /* Pods-JigsawSwap.release.xcconfig */;
			buildSettings = {
				ASSETCATALOG_COMPILER_APPICON_NAME = AppIcon;
				CODE_SIGN_STYLE = Automatic;
				DEVELOPMENT_TEAM = 2FP33MYDL3;
				INFOPLIST_FILE = "$(SRCROOT)/JigsawSwap/Configuration/Info.plist";
				IPHONEOS_DEPLOYMENT_TARGET = 11.0;
				LD_RUNPATH_SEARCH_PATHS = "$(inherited) @executable_path/Frameworks";
				PRODUCT_BUNDLE_IDENTIFIER = dominika.czarnecka.com.JigsawSwap;
				PRODUCT_NAME = "$(TARGET_NAME)";
				SWIFT_VERSION = 4.0;
				TARGETED_DEVICE_FAMILY = "1,2";
			};
			name = Release;
		};
		1505485720599A9300B25A6A /* Debug */ = {
			isa = XCBuildConfiguration;
			buildSettings = {
				ALWAYS_EMBED_SWIFT_STANDARD_LIBRARIES = YES;
				BUNDLE_LOADER = "$(TEST_HOST)";
				CODE_SIGN_STYLE = Automatic;
				DEVELOPMENT_TEAM = 2FP33MYDL3;
				INFOPLIST_FILE = JigsawSwapTests/Info.plist;
				LD_RUNPATH_SEARCH_PATHS = "$(inherited) @executable_path/Frameworks @loader_path/Frameworks";
				PRODUCT_BUNDLE_IDENTIFIER = dominika.czarnecka.com.JigsawSwapTests;
				PRODUCT_NAME = "$(TARGET_NAME)";
				SWIFT_VERSION = 4.0;
				TARGETED_DEVICE_FAMILY = "1,2";
				TEST_HOST = "$(BUILT_PRODUCTS_DIR)/JigsawSwap.app/JigsawSwap";
			};
			name = Debug;
		};
		1505485820599A9300B25A6A /* Release */ = {
			isa = XCBuildConfiguration;
			buildSettings = {
				ALWAYS_EMBED_SWIFT_STANDARD_LIBRARIES = YES;
				BUNDLE_LOADER = "$(TEST_HOST)";
				CODE_SIGN_STYLE = Automatic;
				DEVELOPMENT_TEAM = 2FP33MYDL3;
				INFOPLIST_FILE = JigsawSwapTests/Info.plist;
				LD_RUNPATH_SEARCH_PATHS = "$(inherited) @executable_path/Frameworks @loader_path/Frameworks";
				PRODUCT_BUNDLE_IDENTIFIER = dominika.czarnecka.com.JigsawSwapTests;
				PRODUCT_NAME = "$(TARGET_NAME)";
				SWIFT_VERSION = 4.0;
				TARGETED_DEVICE_FAMILY = "1,2";
				TEST_HOST = "$(BUILT_PRODUCTS_DIR)/JigsawSwap.app/JigsawSwap";
			};
			name = Release;
		};
		1505485A20599A9300B25A6A /* Debug */ = {
			isa = XCBuildConfiguration;
			buildSettings = {
				ALWAYS_EMBED_SWIFT_STANDARD_LIBRARIES = YES;
				CODE_SIGN_STYLE = Automatic;
				DEVELOPMENT_TEAM = 2FP33MYDL3;
				INFOPLIST_FILE = JigsawSwapUITests/Info.plist;
				LD_RUNPATH_SEARCH_PATHS = "$(inherited) @executable_path/Frameworks @loader_path/Frameworks";
				PRODUCT_BUNDLE_IDENTIFIER = dominika.czarnecka.com.JigsawSwapUITests;
				PRODUCT_NAME = "$(TARGET_NAME)";
				SWIFT_VERSION = 4.0;
				TARGETED_DEVICE_FAMILY = "1,2";
				TEST_TARGET_NAME = JigsawSwap;
			};
			name = Debug;
		};
		1505485B20599A9300B25A6A /* Release */ = {
			isa = XCBuildConfiguration;
			buildSettings = {
				ALWAYS_EMBED_SWIFT_STANDARD_LIBRARIES = YES;
				CODE_SIGN_STYLE = Automatic;
				DEVELOPMENT_TEAM = 2FP33MYDL3;
				INFOPLIST_FILE = JigsawSwapUITests/Info.plist;
				LD_RUNPATH_SEARCH_PATHS = "$(inherited) @executable_path/Frameworks @loader_path/Frameworks";
				PRODUCT_BUNDLE_IDENTIFIER = dominika.czarnecka.com.JigsawSwapUITests;
				PRODUCT_NAME = "$(TARGET_NAME)";
				SWIFT_VERSION = 4.0;
				TARGETED_DEVICE_FAMILY = "1,2";
				TEST_TARGET_NAME = JigsawSwap;
			};
			name = Release;
		};
/* End XCBuildConfiguration section */

/* Begin XCConfigurationList section */
		1505482620599A9300B25A6A /* Build configuration list for PBXProject "JigsawSwap" */ = {
			isa = XCConfigurationList;
			buildConfigurations = (
				1505485120599A9300B25A6A /* Debug */,
				1505485220599A9300B25A6A /* Release */,
			);
			defaultConfigurationIsVisible = 0;
			defaultConfigurationName = Release;
		};
		1505485320599A9300B25A6A /* Build configuration list for PBXNativeTarget "JigsawSwap" */ = {
			isa = XCConfigurationList;
			buildConfigurations = (
				1505485420599A9300B25A6A /* Debug */,
				1505485520599A9300B25A6A /* Release */,
			);
			defaultConfigurationIsVisible = 0;
			defaultConfigurationName = Release;
		};
		1505485620599A9300B25A6A /* Build configuration list for PBXNativeTarget "JigsawSwapTests" */ = {
			isa = XCConfigurationList;
			buildConfigurations = (
				1505485720599A9300B25A6A /* Debug */,
				1505485820599A9300B25A6A /* Release */,
			);
			defaultConfigurationIsVisible = 0;
			defaultConfigurationName = Release;
		};
		1505485920599A9300B25A6A /* Build configuration list for PBXNativeTarget "JigsawSwapUITests" */ = {
			isa = XCConfigurationList;
			buildConfigurations = (
				1505485A20599A9300B25A6A /* Debug */,
				1505485B20599A9300B25A6A /* Release */,
			);
			defaultConfigurationIsVisible = 0;
			defaultConfigurationName = Release;
		};
/* End XCConfigurationList section */
	};
	rootObject = 1505482320599A9300B25A6A /* Project object */;
}
